// !$*UTF8*$!
{
	archiveVersion = 1;
	classes = {
	};
	objectVersion = 50;
	objects = {

/* Begin PBXBuildFile section */
		54B376A7212BB48D00C84B5D /* Report.swift in Sources */ = {isa = PBXBuildFile; fileRef = 54B376A6212BB48D00C84B5D /* Report.swift */; };
		54EE95B421237A6D0000FB45 /* AppDelegate.swift in Sources */ = {isa = PBXBuildFile; fileRef = 54EE95B321237A6D0000FB45 /* AppDelegate.swift */; };
		54EE95B621237A6D0000FB45 /* Menu.swift in Sources */ = {isa = PBXBuildFile; fileRef = 54EE95B521237A6D0000FB45 /* Menu.swift */; };
		54EE95B921237A6D0000FB45 /* Main.storyboard in Resources */ = {isa = PBXBuildFile; fileRef = 54EE95B721237A6D0000FB45 /* Main.storyboard */; };
		54EE95BB21237A710000FB45 /* Assets.xcassets in Resources */ = {isa = PBXBuildFile; fileRef = 54EE95BA21237A710000FB45 /* Assets.xcassets */; };
		54EE95BE21237A710000FB45 /* LaunchScreen.storyboard in Resources */ = {isa = PBXBuildFile; fileRef = 54EE95BC21237A710000FB45 /* LaunchScreen.storyboard */; };
		54EE95E321237B040000FB45 /* shingle.jpg in Resources */ = {isa = PBXBuildFile; fileRef = 54EE95E221237B040000FB45 /* shingle.jpg */; };
		54EE95E52123CA1D0000FB45 /* RoofForm.swift in Sources */ = {isa = PBXBuildFile; fileRef = 54EE95E42123CA1D0000FB45 /* RoofForm.swift */; };
		54EE95E721240BD90000FB45 /* House.swift in Sources */ = {isa = PBXBuildFile; fileRef = 54EE95E621240BD90000FB45 /* House.swift */; };
/* End PBXBuildFile section */

/* Begin PBXContainerItemProxy section */
		54EE95C521237A710000FB45 /* PBXContainerItemProxy */ = {
			isa = PBXContainerItemProxy;
			containerPortal = 54EE95A821237A6D0000FB45 /* Project object */;
			proxyType = 1;
			remoteGlobalIDString = 54EE95AF21237A6D0000FB45;
			remoteInfo = RoofingCalculatorSimple;
		};
		54EE95D021237A710000FB45 /* PBXContainerItemProxy */ = {
			isa = PBXContainerItemProxy;
			containerPortal = 54EE95A821237A6D0000FB45 /* Project object */;
			proxyType = 1;
			remoteGlobalIDString = 54EE95AF21237A6D0000FB45;
			remoteInfo = RoofingCalculatorSimple;
		};
/* End PBXContainerItemProxy section */

/* Begin PBXFileReference section */
		54B376A6212BB48D00C84B5D /* Report.swift */ = {isa = PBXFileReference; lastKnownFileType = sourcecode.swift; path = Report.swift; sourceTree = "<group>"; };
		54EE95B021237A6D0000FB45 /* RoofingCalculatorSimple.app */ = {isa = PBXFileReference; explicitFileType = wrapper.application; includeInIndex = 0; name = RoofingCalculatorSimple.app; path = "/Users/arwaahmed/Arwa/App Developement/RoofingCalculatorSimple/build/Debug-iphoneos/RoofingCalculatorSimple.app"; sourceTree = "<absolute>"; };
		54EE95B321237A6D0000FB45 /* AppDelegate.swift */ = {isa = PBXFileReference; lastKnownFileType = sourcecode.swift; path = AppDelegate.swift; sourceTree = "<group>"; };
		54EE95B521237A6D0000FB45 /* Menu.swift */ = {isa = PBXFileReference; lastKnownFileType = sourcecode.swift; path = Menu.swift; sourceTree = "<group>"; };
		54EE95B821237A6D0000FB45 /* Base */ = {isa = PBXFileReference; lastKnownFileType = file.storyboard; name = Base; path = Base.lproj/Main.storyboard; sourceTree = "<group>"; };
		54EE95BA21237A710000FB45 /* Assets.xcassets */ = {isa = PBXFileReference; lastKnownFileType = folder.assetcatalog; path = Assets.xcassets; sourceTree = "<group>"; };
		54EE95BD21237A710000FB45 /* Base */ = {isa = PBXFileReference; lastKnownFileType = file.storyboard; name = Base; path = Base.lproj/LaunchScreen.storyboard; sourceTree = "<group>"; };
		54EE95BF21237A710000FB45 /* Info.plist */ = {isa = PBXFileReference; lastKnownFileType = text.plist.xml; path = Info.plist; sourceTree = "<group>"; };
		54EE95C421237A710000FB45 /* RoofingCalculatorSimpleTests.xctest */ = {isa = PBXFileReference; explicitFileType = wrapper.cfbundle; includeInIndex = 0; name = RoofingCalculatorSimpleTests.xctest; path = "/Users/arwaahmed/Arwa/App Developement/RoofingCalculatorSimple/build/Debug-iphoneos/RoofingCalculatorSimpleTests.xctest"; sourceTree = "<absolute>"; };
		54EE95CF21237A710000FB45 /* RoofingCalculatorSimpleUITests.xctest */ = {isa = PBXFileReference; explicitFileType = wrapper.cfbundle; includeInIndex = 0; name = RoofingCalculatorSimpleUITests.xctest; path = "/Users/arwaahmed/Arwa/App Developement/RoofingCalculatorSimple/build/Debug-iphoneos/RoofingCalculatorSimpleUITests.xctest"; sourceTree = "<absolute>"; };
		54EE95E221237B040000FB45 /* shingle.jpg */ = {isa = PBXFileReference; lastKnownFileType = image.jpeg; path = shingle.jpg; sourceTree = "<group>"; };
		54EE95E42123CA1D0000FB45 /* RoofForm.swift */ = {isa = PBXFileReference; lastKnownFileType = sourcecode.swift; path = RoofForm.swift; sourceTree = "<group>"; };
		54EE95E621240BD90000FB45 /* House.swift */ = {isa = PBXFileReference; lastKnownFileType = sourcecode.swift; path = House.swift; sourceTree = "<group>"; };
/* End PBXFileReference section */

/* Begin PBXFrameworksBuildPhase section */
		54EE95AD21237A6D0000FB45 /* Frameworks */ = {
			isa = PBXFrameworksBuildPhase;
			buildActionMask = 2147483647;
			files = (
			);
			runOnlyForDeploymentPostprocessing = 0;
		};
		54EE95C121237A710000FB45 /* Frameworks */ = {
			isa = PBXFrameworksBuildPhase;
			buildActionMask = 2147483647;
			files = (
			);
			runOnlyForDeploymentPostprocessing = 0;
		};
		54EE95CC21237A710000FB45 /* Frameworks */ = {
			isa = PBXFrameworksBuildPhase;
			buildActionMask = 2147483647;
			files = (
			);
			runOnlyForDeploymentPostprocessing = 0;
		};
/* End PBXFrameworksBuildPhase section */

/* Begin PBXGroup section */
		54EE95A721237A6D0000FB45 = {
			isa = PBXGroup;
			children = (
				54EE95B221237A6D0000FB45 /* RoofingCalculatorSimple */,
			);
			sourceTree = "<group>";
		};
		54EE95B221237A6D0000FB45 /* RoofingCalculatorSimple */ = {
			isa = PBXGroup;
			children = (
				54EE95E121237AAA0000FB45 /* Images */,
				54EE95B321237A6D0000FB45 /* AppDelegate.swift */,
				54EE95B521237A6D0000FB45 /* Menu.swift */,
				54EE95B721237A6D0000FB45 /* Main.storyboard */,
				54EE95BA21237A710000FB45 /* Assets.xcassets */,
				54EE95BC21237A710000FB45 /* LaunchScreen.storyboard */,
				54EE95BF21237A710000FB45 /* Info.plist */,
				54EE95E42123CA1D0000FB45 /* RoofForm.swift */,
				54EE95E621240BD90000FB45 /* House.swift */,
				54B376A6212BB48D00C84B5D /* Report.swift */,
			);
			path = RoofingCalculatorSimple;
			sourceTree = "<group>";
		};
		54EE95E121237AAA0000FB45 /* Images */ = {
			isa = PBXGroup;
			children = (
				54EE95E221237B040000FB45 /* shingle.jpg */,
			);
			path = Images;
			sourceTree = "<group>";
		};
/* End PBXGroup section */

/* Begin PBXNativeTarget section */
		54EE95AF21237A6D0000FB45 /* RoofingCalculatorSimple */ = {
			isa = PBXNativeTarget;
			buildConfigurationList = 54EE95D821237A710000FB45 /* Build configuration list for PBXNativeTarget "RoofingCalculatorSimple" */;
			buildPhases = (
				54EE95AC21237A6D0000FB45 /* Sources */,
				54EE95AD21237A6D0000FB45 /* Frameworks */,
				54EE95AE21237A6D0000FB45 /* Resources */,
			);
			buildRules = (
			);
			dependencies = (
			);
			name = RoofingCalculatorSimple;
			productName = RoofingCalculatorSimple;
			productReference = 54EE95B021237A6D0000FB45 /* RoofingCalculatorSimple.app */;
			productType = "com.apple.product-type.application";
		};
		54EE95C321237A710000FB45 /* RoofingCalculatorSimpleTests */ = {
			isa = PBXNativeTarget;
			buildConfigurationList = 54EE95DB21237A710000FB45 /* Build configuration list for PBXNativeTarget "RoofingCalculatorSimpleTests" */;
			buildPhases = (
				54EE95C021237A710000FB45 /* Sources */,
				54EE95C121237A710000FB45 /* Frameworks */,
				54EE95C221237A710000FB45 /* Resources */,
			);
			buildRules = (
			);
			dependencies = (
				54EE95C621237A710000FB45 /* PBXTargetDependency */,
			);
			name = RoofingCalculatorSimpleTests;
			productName = RoofingCalculatorSimpleTests;
			productReference = 54EE95C421237A710000FB45 /* RoofingCalculatorSimpleTests.xctest */;
			productType = "com.apple.product-type.bundle.unit-test";
		};
		54EE95CE21237A710000FB45 /* RoofingCalculatorSimpleUITests */ = {
			isa = PBXNativeTarget;
			buildConfigurationList = 54EE95DE21237A710000FB45 /* Build configuration list for PBXNativeTarget "RoofingCalculatorSimpleUITests" */;
			buildPhases = (
				54EE95CB21237A710000FB45 /* Sources */,
				54EE95CC21237A710000FB45 /* Frameworks */,
				54EE95CD21237A710000FB45 /* Resources */,
			);
			buildRules = (
			);
			dependencies = (
				54EE95D121237A710000FB45 /* PBXTargetDependency */,
			);
			name = RoofingCalculatorSimpleUITests;
			productName = RoofingCalculatorSimpleUITests;
			productReference = 54EE95CF21237A710000FB45 /* RoofingCalculatorSimpleUITests.xctest */;
			productType = "com.apple.product-type.bundle.ui-testing";
		};
/* End PBXNativeTarget section */

/* Begin PBXProject section */
		54EE95A821237A6D0000FB45 /* Project object */ = {
			isa = PBXProject;
			attributes = {
				LastSwiftUpdateCheck = 0940;
				LastUpgradeCheck = 0940;
				ORGANIZATIONNAME = "Arwa Ahmed";
				TargetAttributes = {
					54EE95AF21237A6D0000FB45 = {
						CreatedOnToolsVersion = 9.4.1;
					};
					54EE95C321237A710000FB45 = {
						CreatedOnToolsVersion = 9.4.1;
						TestTargetID = 54EE95AF21237A6D0000FB45;
					};
					54EE95CE21237A710000FB45 = {
						CreatedOnToolsVersion = 9.4.1;
						TestTargetID = 54EE95AF21237A6D0000FB45;
					};
				};
			};
			buildConfigurationList = 54EE95AB21237A6D0000FB45 /* Build configuration list for PBXProject "RoofingCalculatorSimple" */;
			compatibilityVersion = "Xcode 9.3";
			developmentRegion = en;
			hasScannedForEncodings = 0;
			knownRegions = (
				en,
				Base,
			);
			mainGroup = 54EE95A721237A6D0000FB45;
			productRefGroup = 54EE95A721237A6D0000FB45;
			projectDirPath = "";
			projectRoot = "";
			targets = (
				54EE95AF21237A6D0000FB45 /* RoofingCalculatorSimple */,
				54EE95C321237A710000FB45 /* RoofingCalculatorSimpleTests */,
				54EE95CE21237A710000FB45 /* RoofingCalculatorSimpleUITests */,
			);
		};
/* End PBXProject section */

/* Begin PBXResourcesBuildPhase section */
		54EE95AE21237A6D0000FB45 /* Resources */ = {
			isa = PBXResourcesBuildPhase;
			buildActionMask = 2147483647;
			files = (
				54EE95E321237B040000FB45 /* shingle.jpg in Resources */,
				54EE95BE21237A710000FB45 /* LaunchScreen.storyboard in Resources */,
				54EE95BB21237A710000FB45 /* Assets.xcassets in Resources */,
				54EE95B921237A6D0000FB45 /* Main.storyboard in Resources */,
			);
			runOnlyForDeploymentPostprocessing = 0;
		};
		54EE95C221237A710000FB45 /* Resources */ = {
			isa = PBXResourcesBuildPhase;
			buildActionMask = 2147483647;
			files = (
			);
			runOnlyForDeploymentPostprocessing = 0;
		};
		54EE95CD21237A710000FB45 /* Resources */ = {
			isa = PBXResourcesBuildPhase;
			buildActionMask = 2147483647;
			files = (
			);
			runOnlyForDeploymentPostprocessing = 0;
		};
/* End PBXResourcesBuildPhase section */

/* Begin PBXSourcesBuildPhase section */
		54EE95AC21237A6D0000FB45 /* Sources */ = {
			isa = PBXSourcesBuildPhase;
			buildActionMask = 2147483647;
			files = (
				54EE95B621237A6D0000FB45 /* Menu.swift in Sources */,
				54B376A7212BB48D00C84B5D /* Report.swift in Sources */,
				54EE95E52123CA1D0000FB45 /* RoofForm.swift in Sources */,
				54EE95E721240BD90000FB45 /* House.swift in Sources */,
				54EE95B421237A6D0000FB45 /* AppDelegate.swift in Sources */,
			);
			runOnlyForDeploymentPostprocessing = 0;
		};
		54EE95C021237A710000FB45 /* Sources */ = {
			isa = PBXSourcesBuildPhase;
			buildActionMask = 2147483647;
			files = (
			);
			runOnlyForDeploymentPostprocessing = 0;
		};
		54EE95CB21237A710000FB45 /* Sources */ = {
			isa = PBXSourcesBuildPhase;
			buildActionMask = 2147483647;
			files = (
			);
			runOnlyForDeploymentPostprocessing = 0;
		};
/* End PBXSourcesBuildPhase section */

/* Begin PBXTargetDependency section */
		54EE95C621237A710000FB45 /* PBXTargetDependency */ = {
			isa = PBXTargetDependency;
			target = 54EE95AF21237A6D0000FB45 /* RoofingCalculatorSimple */;
			targetProxy = 54EE95C521237A710000FB45 /* PBXContainerItemProxy */;
		};
		54EE95D121237A710000FB45 /* PBXTargetDependency */ = {
			isa = PBXTargetDependency;
			target = 54EE95AF21237A6D0000FB45 /* RoofingCalculatorSimple */;
			targetProxy = 54EE95D021237A710000FB45 /* PBXContainerItemProxy */;
		};
/* End PBXTargetDependency section */

/* Begin PBXVariantGroup section */
		54EE95B721237A6D0000FB45 /* Main.storyboard */ = {
			isa = PBXVariantGroup;
			children = (
				54EE95B821237A6D0000FB45 /* Base */,
			);
			name = Main.storyboard;
			sourceTree = "<group>";
		};
		54EE95BC21237A710000FB45 /* LaunchScreen.storyboard */ = {
			isa = PBXVariantGroup;
			children = (
				54EE95BD21237A710000FB45 /* Base */,
			);
			name = LaunchScreen.storyboard;
			sourceTree = "<group>";
		};
/* End PBXVariantGroup section */

/* Begin XCBuildConfiguration section */
		54EE95D621237A710000FB45 /* Debug */ = {
			isa = XCBuildConfiguration;
			buildSettings = {
				ALWAYS_SEARCH_USER_PATHS = NO;
				CLANG_ANALYZER_NONNULL = YES;
				CLANG_ANALYZER_NUMBER_OBJECT_CONVERSION = YES_AGGRESSIVE;
				CLANG_CXX_LANGUAGE_STANDARD = "gnu++14";
				CLANG_CXX_LIBRARY = "libc++";
				CLANG_ENABLE_MODULES = YES;
				CLANG_ENABLE_OBJC_ARC = YES;
				CLANG_ENABLE_OBJC_WEAK = YES;
				CLANG_WARN_BLOCK_CAPTURE_AUTORELEASING = YES;
				CLANG_WARN_BOOL_CONVERSION = YES;
				CLANG_WARN_COMMA = YES;
				CLANG_WARN_CONSTANT_CONVERSION = YES;
				CLANG_WARN_DEPRECATED_OBJC_IMPLEMENTATIONS = YES;
				CLANG_WARN_DIRECT_OBJC_ISA_USAGE = YES_ERROR;
				CLANG_WARN_DOCUMENTATION_COMMENTS = YES;
				CLANG_WARN_EMPTY_BODY = YES;
				CLANG_WARN_ENUM_CONVERSION = YES;
				CLANG_WARN_INFINITE_RECURSION = YES;
				CLANG_WARN_INT_CONVERSION = YES;
				CLANG_WARN_NON_LITERAL_NULL_CONVERSION = YES;
				CLANG_WARN_OBJC_IMPLICIT_RETAIN_SELF = YES;
				CLANG_WARN_OBJC_LITERAL_CONVERSION = YES;
				CLANG_WARN_OBJC_ROOT_CLASS = YES_ERROR;
				CLANG_WARN_RANGE_LOOP_ANALYSIS = YES;
				CLANG_WARN_STRICT_PROTOTYPES = YES;
				CLANG_WARN_SUSPICIOUS_MOVE = YES;
				CLANG_WARN_UNGUARDED_AVAILABILITY = YES_AGGRESSIVE;
				CLANG_WARN_UNREACHABLE_CODE = YES;
				CLANG_WARN__DUPLICATE_METHOD_MATCH = YES;
				CODE_SIGN_IDENTITY = "iPhone Developer";
				COPY_PHASE_STRIP = NO;
				DEBUG_INFORMATION_FORMAT = dwarf;
				ENABLE_STRICT_OBJC_MSGSEND = YES;
				ENABLE_TESTABILITY = YES;
				GCC_C_LANGUAGE_STANDARD = gnu11;
				GCC_DYNAMIC_NO_PIC = NO;
				GCC_NO_COMMON_BLOCKS = YES;
				GCC_OPTIMIZATION_LEVEL = 0;
				GCC_PREPROCESSOR_DEFINITIONS = (
					"DEBUG=1",
					"$(inherited)",
				);
				GCC_WARN_64_TO_32_BIT_CONVERSION = YES;
				GCC_WARN_ABOUT_RETURN_TYPE = YES_ERROR;
				GCC_WARN_UNDECLARED_SELECTOR = YES;
				GCC_WARN_UNINITIALIZED_AUTOS = YES_AGGRESSIVE;
				GCC_WARN_UNUSED_FUNCTION = YES;
				GCC_WARN_UNUSED_VARIABLE = YES;
				IPHONEOS_DEPLOYMENT_TARGET = 11.4;
				MTL_ENABLE_DEBUG_INFO = YES;
				ONLY_ACTIVE_ARCH = YES;
				SDKROOT = iphoneos;
				SWIFT_ACTIVE_COMPILATION_CONDITIONS = DEBUG;
				SWIFT_OPTIMIZATION_LEVEL = "-Onone";
			};
			name = Debug;
		};
		54EE95D721237A710000FB45 /* Release */ = {
			isa = XCBuildConfiguration;
			buildSettings = {
				ALWAYS_SEARCH_USER_PATHS = NO;
				CLANG_ANALYZER_NONNULL = YES;
				CLANG_ANALYZER_NUMBER_OBJECT_CONVERSION = YES_AGGRESSIVE;
				CLANG_CXX_LANGUAGE_STANDARD = "gnu++14";
				CLANG_CXX_LIBRARY = "libc++";
				CLANG_ENABLE_MODULES = YES;
				CLANG_ENABLE_OBJC_ARC = YES;
				CLANG_ENABLE_OBJC_WEAK = YES;
				CLANG_WARN_BLOCK_CAPTURE_AUTORELEASING = YES;
				CLANG_WARN_BOOL_CONVERSION = YES;
				CLANG_WARN_COMMA = YES;
				CLANG_WARN_CONSTANT_CONVERSION = YES;
				CLANG_WARN_DEPRECATED_OBJC_IMPLEMENTATIONS = YES;
				CLANG_WARN_DIRECT_OBJC_ISA_USAGE = YES_ERROR;
				CLANG_WARN_DOCUMENTATION_COMMENTS = YES;
				CLANG_WARN_EMPTY_BODY = YES;
				CLANG_WARN_ENUM_CONVERSION = YES;
				CLANG_WARN_INFINITE_RECURSION = YES;
				CLANG_WARN_INT_CONVERSION = YES;
				CLANG_WARN_NON_LITERAL_NULL_CONVERSION = YES;
				CLANG_WARN_OBJC_IMPLICIT_RETAIN_SELF = YES;
				CLANG_WARN_OBJC_LITERAL_CONVERSION = YES;
				CLANG_WARN_OBJC_ROOT_CLASS = YES_ERROR;
				CLANG_WARN_RANGE_LOOP_ANALYSIS = YES;
				CLANG_WARN_STRICT_PROTOTYPES = YES;
				CLANG_WARN_SUSPICIOUS_MOVE = YES;
				CLANG_WARN_UNGUARDED_AVAILABILITY = YES_AGGRESSIVE;
				CLANG_WARN_UNREACHABLE_CODE = YES;
				CLANG_WARN__DUPLICATE_METHOD_MATCH = YES;
				CODE_SIGN_IDENTITY = "iPhone Developer";
				COPY_PHASE_STRIP = NO;
				DEBUG_INFORMATION_FORMAT = "dwarf-with-dsym";
				ENABLE_NS_ASSERTIONS = NO;
				ENABLE_STRICT_OBJC_MSGSEND = YES;
				GCC_C_LANGUAGE_STANDARD = gnu11;
				GCC_NO_COMMON_BLOCKS = YES;
				GCC_WARN_64_TO_32_BIT_CONVERSION = YES;
				GCC_WARN_ABOUT_RETURN_TYPE = YES_ERROR;
				GCC_WARN_UNDECLARED_SELECTOR = YES;
				GCC_WARN_UNINITIALIZED_AUTOS = YES_AGGRESSIVE;
				GCC_WARN_UNUSED_FUNCTION = YES;
				GCC_WARN_UNUSED_VARIABLE = YES;
				IPHONEOS_DEPLOYMENT_TARGET = 11.4;
				MTL_ENABLE_DEBUG_INFO = NO;
				SDKROOT = iphoneos;
				SWIFT_COMPILATION_MODE = wholemodule;
				SWIFT_OPTIMIZATION_LEVEL = "-O";
				VALIDATE_PRODUCT = YES;
			};
			name = Release;
		};
		54EE95D921237A710000FB45 /* Debug */ = {
			isa = XCBuildConfiguration;
			buildSettings = {
				ASSETCATALOG_COMPILER_APPICON_NAME = AppIcon;
				CODE_SIGN_STYLE = Automatic;
				DEVELOPMENT_TEAM = Z7AH524N4H;
				INFOPLIST_FILE = RoofingCalculatorSimple/Info.plist;
				LD_RUNPATH_SEARCH_PATHS = (
					"$(inherited)",
					"@executable_path/Frameworks",
				);
				PRODUCT_BUNDLE_IDENTIFIER = com.ArwaAhmed.RoofingCalculatorSimple;
				PRODUCT_NAME = "$(TARGET_NAME)";
				SWIFT_VERSION = 4.0;
				TARGETED_DEVICE_FAMILY = "1,2";
			};
			name = Debug;
		};
		54EE95DA21237A710000FB45 /* Release */ = {
			isa = XCBuildConfiguration;
			buildSettings = {
				ASSETCATALOG_COMPILER_APPICON_NAME = AppIcon;
				CODE_SIGN_STYLE = Automatic;
				DEVELOPMENT_TEAM = Z7AH524N4H;
				INFOPLIST_FILE = RoofingCalculatorSimple/Info.plist;
				LD_RUNPATH_SEARCH_PATHS = (
					"$(inherited)",
					"@executable_path/Frameworks",
				);
				PRODUCT_BUNDLE_IDENTIFIER = com.ArwaAhmed.RoofingCalculatorSimple;
				PRODUCT_NAME = "$(TARGET_NAME)";
				SWIFT_VERSION = 4.0;
				TARGETED_DEVICE_FAMILY = "1,2";
			};
			name = Release;
		};
		54EE95DC21237A710000FB45 /* Debug */ = {
			isa = XCBuildConfiguration;
			buildSettings = {
				ALWAYS_EMBED_SWIFT_STANDARD_LIBRARIES = YES;
				BUNDLE_LOADER = "$(TEST_HOST)";
				CODE_SIGN_STYLE = Automatic;
				DEVELOPMENT_TEAM = Z7AH524N4H;
				INFOPLIST_FILE = RoofingCalculatorSimpleTests/Info.plist;
				LD_RUNPATH_SEARCH_PATHS = (
					"$(inherited)",
					"@executable_path/Frameworks",
					"@loader_path/Frameworks",
				);
				PRODUCT_BUNDLE_IDENTIFIER = com.ArwaAhmed.RoofingCalculatorSimpleTests;
				PRODUCT_NAME = "$(TARGET_NAME)";
				SWIFT_VERSION = 4.0;
				TARGETED_DEVICE_FAMILY = "1,2";
				TEST_HOST = "$(BUILT_PRODUCTS_DIR)/RoofingCalculatorSimple.app/RoofingCalculatorSimple";
			};
			name = Debug;
		};
		54EE95DD21237A710000FB45 /* Release */ = {
			isa = XCBuildConfiguration;
			buildSettings = {
				ALWAYS_EMBED_SWIFT_STANDARD_LIBRARIES = YES;
				BUNDLE_LOADER = "$(TEST_HOST)";
				CODE_SIGN_STYLE = Automatic;
				DEVELOPMENT_TEAM = Z7AH524N4H;
				INFOPLIST_FILE = RoofingCalculatorSimpleTests/Info.plist;
				LD_RUNPATH_SEARCH_PATHS = (
					"$(inherited)",
					"@executable_path/Frameworks",
					"@loader_path/Frameworks",
				);
				PRODUCT_BUNDLE_IDENTIFIER = com.ArwaAhmed.RoofingCalculatorSimpleTests;
				PRODUCT_NAME = "$(TARGET_NAME)";
				SWIFT_VERSION = 4.0;
				TARGETED_DEVICE_FAMILY = "1,2";
				TEST_HOST = "$(BUILT_PRODUCTS_DIR)/RoofingCalculatorSimple.app/RoofingCalculatorSimple";
			};
			name = Release;
		};
		54EE95DF21237A710000FB45 /* Debug */ = {
			isa = XCBuildConfiguration;
			buildSettings = {
				ALWAYS_EMBED_SWIFT_STANDARD_LIBRARIES = YES;
				CODE_SIGN_STYLE = Automatic;
				DEVELOPMENT_TEAM = Z7AH524N4H;
				INFOPLIST_FILE = RoofingCalculatorSimpleUITests/Info.plist;
				LD_RUNPATH_SEARCH_PATHS = (
					"$(inherited)",
					"@executable_path/Frameworks",
					"@loader_path/Frameworks",
				);
				PRODUCT_BUNDLE_IDENTIFIER = com.ArwaAhmed.RoofingCalculatorSimpleUITests;
				PRODUCT_NAME = "$(TARGET_NAME)";
				SWIFT_VERSION = 4.0;
				TARGETED_DEVICE_FAMILY = "1,2";
				TEST_TARGET_NAME = RoofingCalculatorSimple;
			};
			name = Debug;
		};
		54EE95E021237A710000FB45 /* Release */ = {
			isa = XCBuildConfiguration;
			buildSettings = {
				ALWAYS_EMBED_SWIFT_STANDARD_LIBRARIES = YES;
				CODE_SIGN_STYLE = Automatic;
				DEVELOPMENT_TEAM = Z7AH524N4H;
				INFOPLIST_FILE = RoofingCalculatorSimpleUITests/Info.plist;
				LD_RUNPATH_SEARCH_PATHS = (
					"$(inherited)",
					"@executable_path/Frameworks",
					"@loader_path/Frameworks",
				);
				PRODUCT_BUNDLE_IDENTIFIER = com.ArwaAhmed.RoofingCalculatorSimpleUITests;
				PRODUCT_NAME = "$(TARGET_NAME)";
				SWIFT_VERSION = 4.0;
				TARGETED_DEVICE_FAMILY = "1,2";
				TEST_TARGET_NAME = RoofingCalculatorSimple;
			};
			name = Release;
		};
/* End XCBuildConfiguration section */

/* Begin XCConfigurationList section */
		54EE95AB21237A6D0000FB45 /* Build configuration list for PBXProject "RoofingCalculatorSimple" */ = {
			isa = XCConfigurationList;
			buildConfigurations = (
				54EE95D621237A710000FB45 /* Debug */,
				54EE95D721237A710000FB45 /* Release */,
			);
			defaultConfigurationIsVisible = 0;
			defaultConfigurationName = Release;
		};
		54EE95D821237A710000FB45 /* Build configuration list for PBXNativeTarget "RoofingCalculatorSimple" */ = {
			isa = XCConfigurationList;
			buildConfigurations = (
				54EE95D921237A710000FB45 /* Debug */,
				54EE95DA21237A710000FB45 /* Release */,
			);
			defaultConfigurationIsVisible = 0;
			defaultConfigurationName = Release;
		};
		54EE95DB21237A710000FB45 /* Build configuration list for PBXNativeTarget "RoofingCalculatorSimpleTests" */ = {
			isa = XCConfigurationList;
			buildConfigurations = (
				54EE95DC21237A710000FB45 /* Debug */,
				54EE95DD21237A710000FB45 /* Release */,
			);
			defaultConfigurationIsVisible = 0;
			defaultConfigurationName = Release;
		};
		54EE95DE21237A710000FB45 /* Build configuration list for PBXNativeTarget "RoofingCalculatorSimpleUITests" */ = {
			isa = XCConfigurationList;
			buildConfigurations = (
				54EE95DF21237A710000FB45 /* Debug */,
				54EE95E021237A710000FB45 /* Release */,
			);
			defaultConfigurationIsVisible = 0;
			defaultConfigurationName = Release;
		};
/* End XCConfigurationList section */
	};
	rootObject = 54EE95A821237A6D0000FB45 /* Project object */;
}
